
Microsoft Visual Studio Solution File, Format Version 12.00
# Visual Studio Version 17
VisualStudioVersion = 17.6.33829.357
MinimumVisualStudioVersion = 10.0.40219.1
Project("{FAE04EC0-301F-11D3-BF4B-00C04F79EFBC}") = "AzureBlobStorage", "AzureBlobStorage\AzureBlobStorage.csproj", "{1DAD8310-0F57-4380-87EB-71990DE78C3C}"
EndProject
Global
	GlobalSection(SolutionConfigurationPlatforms) = preSolution
		Debug|Any CPU = Debug|Any CPU
		Release|Any CPU = Release|Any CPU
	EndGlobalSection
	GlobalSection(ProjectConfigurationPlatforms) = postSolution
		{1DAD8310-0F57-4380-87EB-71990DE78C3C}.Debug|Any CPU.ActiveCfg = Debug|Any CPU
		{1DAD8310-0F57-4380-87EB-71990DE78C3C}.Debug|Any CPU.Build.0 = Debug|Any CPU
		{1DAD8310-0F57-4380-87EB-71990DE78C3C}.Release|Any CPU.ActiveCfg = Release|Any CPU
		{1DAD8310-0F57-4380-87EB-71990DE78C3C}.Release|Any CPU.Build.0 = Release|Any CPU
	EndGlobalSection
	GlobalSection(SolutionProperties) = preSolution
		HideSolutionNode = FALSE
	EndGlobalSection
	GlobalSection(ExtensibilityGlobals) = postSolution
		SolutionGuid = {E10F434A-8294-4358-A5BA-52D16B01767E}
	EndGlobalSection
EndGlobal
